// !$*UTF8*$!
{
	archiveVersion = 1;
	classes = {
	};
	objectVersion = 77;
	objects = {

/* Begin PBXBuildFile section */
		3304FE7D2EC70ED30007CF7F /* NSString+WCAKFString.m in Sources */ = {isa = PBXBuildFile; fileRef = 3304FE7C2EC70ED30007CF7F /* NSString+WCAKFString.m */; };
		333BEABE2E7A47A2001B0C50 /* WCAFKFibreCrestBeacon.m in Sources */ = {isa = PBXBuildFile; fileRef = 333BEABD2E7A47A2001B0C50 /* WCAFKFibreCrestBeacon.m */; };
		336E2AF32EBC8C250062C278 /* WCAFKLumenVaultStoriesView.m in Sources */ = {isa = PBXBuildFile; fileRef = 336E2AF22EBC8C250062C278 /* WCAFKLumenVaultStoriesView.m */; };
		336E2AF52EBC8C360062C278 /* WCAFKLumenVaultStoriesView.xib in Resources */ = {isa = PBXBuildFile; fileRef = 336E2AF42EBC8C360062C278 /* WCAFKLumenVaultStoriesView.xib */; };
		339A911E2EA7306C00DEFD15 /* WCAFKWeaveeToast.m in Sources */ = {isa = PBXBuildFile; fileRef = 339A911D2EA7306C00DEFD15 /* WCAFKWeaveeToast.m */; };
		33DDD49A2E7810B700EC690B /* WCAFKSwayKnotFountainController.m in Sources */ = {isa = PBXBuildFile; fileRef = 33DDD4992E7810B700EC690B /* WCAFKSwayKnotFountainController.m */; };
		33DDD49D2E78165500EC690B /* WCAFKWeftDreamBeaconController.m in Sources */ = {isa = PBXBuildFile; fileRef = 33DDD49C2E78165500EC690B /* WCAFKWeftDreamBeaconController.m */; };
		33FCB6B52E7009A3004211B7 /* Assets.xcassets in Resources */ = {isa = PBXBuildFile; fileRef = 33FCB6AB2E7009A3004211B7 /* Assets.xcassets */; };
		33FCB6B62E7009A3004211B7 /* WCAFKKnotBastionCollectionCell.xib in Resources */ = {isa = PBXBuildFile; fileRef = 33FCB6902E7009A3004211B7 /* WCAFKKnotBastionCollectionCell.xib */; };
		33FCB6B72E7009A3004211B7 /* WCAFKKnotSageBastionTableCell.xib in Resources */ = {isa = PBXBuildFile; fileRef = 33FCB69D2E7009A3004211B7 /* WCAFKKnotSageBastionTableCell.xib */; };
		33FCB6B82E7009A3004211B7 /* WCAFKVibeSpiralCaskTableCell.xib in Resources */ = {isa = PBXBuildFile; fileRef = 33FCB6A32E7009A3004211B7 /* WCAFKVibeSpiralCaskTableCell.xib */; };
		33FCB6B92E7009A3004211B7 /* WCAFKAuraKnotFountainView.xib in Resources */ = {isa = PBXBuildFile; fileRef = 33FCB68A2E7009A3004211B7 /* WCAFKAuraKnotFountainView.xib */; };
		33FCB6BA2E7009A3004211B7 /* LaunchScreen.storyboard in Resources */ = {isa = PBXBuildFile; fileRef = 33FCB6AE2E7009A3004211B7 /* LaunchScreen.storyboard */; };
		33FCB6BB2E7009A3004211B7 /* WCAFKKnotBastionTableCell.xib in Resources */ = {isa = PBXBuildFile; fileRef = 33FCB69A2E7009A3004211B7 /* WCAFKKnotBastionTableCell.xib */; };
		33FCB6BC2E7009A3004211B7 /* WCAFKAuraKnotCollectionCell.xib in Resources */ = {isa = PBXBuildFile; fileRef = 33FCB6842E7009A3004211B7 /* WCAFKAuraKnotCollectionCell.xib */; };
		33FCB6BD2E7009A3004211B7 /* WCAFKAuraKnotEmptyCell.xib in Resources */ = {isa = PBXBuildFile; fileRef = 33FCB6872E7009A3004211B7 /* WCAFKAuraKnotEmptyCell.xib */; };
		33FCB6BE2E7009A3004211B7 /* WCAFKKnotSageBastionCollectionCell.xib in Resources */ = {isa = PBXBuildFile; fileRef = 33FCB6932E7009A3004211B7 /* WCAFKKnotSageBastionCollectionCell.xib */; };
		33FCB6BF2E7009A3004211B7 /* WCAFKKnotSageCollectionCell.xib in Resources */ = {isa = PBXBuildFile; fileRef = 33FCB6962E7009A3004211B7 /* WCAFKKnotSageCollectionCell.xib */; };
		33FCB6C02E7009A3004211B7 /* Main.storyboard in Resources */ = {isa = PBXBuildFile; fileRef = 33FCB6B12E7009A3004211B7 /* Main.storyboard */; };
		33FCB6C12E7009A3004211B7 /* WCAFKFibreCrestBeaconCollectionCell.xib in Resources */ = {isa = PBXBuildFile; fileRef = 33FCB68D2E7009A3004211B7 /* WCAFKFibreCrestBeaconCollectionCell.xib */; };
		33FCB6C22E7009A3004211B7 /* WCAFKKnotSageTableCell.xib in Resources */ = {isa = PBXBuildFile; fileRef = 33FCB6A02E7009A3004211B7 /* WCAFKKnotSageTableCell.xib */; };
		33FCB6C32E7009A3004211B7 /* WCAFKKnotBastionCollectionCell.m in Sources */ = {isa = PBXBuildFile; fileRef = 33FCB68F2E7009A3004211B7 /* WCAFKKnotBastionCollectionCell.m */; };
		33FCB6C42E7009A3004211B7 /* WCAFKKnotSageTableCell.m in Sources */ = {isa = PBXBuildFile; fileRef = 33FCB69F2E7009A3004211B7 /* WCAFKKnotSageTableCell.m */; };
		33FCB6C52E7009A3004211B7 /* WCAFKAuraKnotFountainController.m in Sources */ = {isa = PBXBuildFile; fileRef = 33FCB66F2E7009A3004211B7 /* WCAFKAuraKnotFountainController.m */; };
		33FCB6C62E7009A3004211B7 /* WCAFKAuraKnotFountainView.m in Sources */ = {isa = PBXBuildFile; fileRef = 33FCB6892E7009A3004211B7 /* WCAFKAuraKnotFountainView.m */; };
		33FCB6C72E7009A3004211B7 /* WCAFKKnotSageBastionCollectionCell.m in Sources */ = {isa = PBXBuildFile; fileRef = 33FCB6922E7009A3004211B7 /* WCAFKKnotSageBastionCollectionCell.m */; };
		33FCB6C82E7009A3004211B7 /* WCAFKKnotBastionTableCell.m in Sources */ = {isa = PBXBuildFile; fileRef = 33FCB6992E7009A3004211B7 /* WCAFKKnotBastionTableCell.m */; };
		33FCB6C92E7009A3004211B7 /* WCAFKKnotSageBastionController.m in Sources */ = {isa = PBXBuildFile; fileRef = 33FCB6752E7009A3004211B7 /* WCAFKKnotSageBastionController.m */; };
		33FCB6CA2E7009A3004211B7 /* WCAFKVibeSpiralCaskController.m in Sources */ = {isa = PBXBuildFile; fileRef = 33FCB6792E7009A3004211B7 /* WCAFKVibeSpiralCaskController.m */; };
		33FCB6CB2E7009A3004211B7 /* WCAFKAuraKnotEmptyCell.m in Sources */ = {isa = PBXBuildFile; fileRef = 33FCB6862E7009A3004211B7 /* WCAFKAuraKnotEmptyCell.m */; };
		33FCB6CC2E7009A3004211B7 /* WCAFKAuraChordCourtController.m in Sources */ = {isa = PBXBuildFile; fileRef = 33FCB66D2E7009A3004211B7 /* WCAFKAuraChordCourtController.m */; };
		33FCB6CD2E7009A3004211B7 /* WCAFKVibeSpiralCaskTableCell.m in Sources */ = {isa = PBXBuildFile; fileRef = 33FCB6A22E7009A3004211B7 /* WCAFKVibeSpiralCaskTableCell.m */; };
		33FCB6CE2E7009A3004211B7 /* WCAFKFibreCrestBeaconCollectionCell.m in Sources */ = {isa = PBXBuildFile; fileRef = 33FCB68C2E7009A3004211B7 /* WCAFKFibreCrestBeaconCollectionCell.m */; };
		33FCB6CF2E7009A3004211B7 /* WCAFKKnotSageBastionTableCell.m in Sources */ = {isa = PBXBuildFile; fileRef = 33FCB69C2E7009A3004211B7 /* WCAFKKnotSageBastionTableCell.m */; };
		33FCB6D02E7009A3004211B7 /* WCAFKWeaveeSpecialFlowLayout.m in Sources */ = {isa = PBXBuildFile; fileRef = 33FCB6A72E7009A3004211B7 /* WCAFKWeaveeSpecialFlowLayout.m */; };
		33FCB6D12E7009A3004211B7 /* main.m in Sources */ = {isa = PBXBuildFile; fileRef = 33FCB6AF2E7009A3004211B7 /* main.m */; };
		33FCB6D22E7009A3004211B7 /* AppDelegate.m in Sources */ = {isa = PBXBuildFile; fileRef = 33FCB6AA2E7009A3004211B7 /* AppDelegate.m */; };
		33FCB6D32E7009A3004211B7 /* WCAFKWeavee.m in Sources */ = {isa = PBXBuildFile; fileRef = 33FCB6802E7009A3004211B7 /* WCAFKWeavee.m */; };
		33FCB6D42E7009A3004211B7 /* WCAFKKnotSageCollectionCell.m in Sources */ = {isa = PBXBuildFile; fileRef = 33FCB6952E7009A3004211B7 /* WCAFKKnotSageCollectionCell.m */; };
		33FCB6D52E7009A3004211B7 /* WCAFKMindEchoCompanion.m in Sources */ = {isa = PBXBuildFile; fileRef = 33FCB67C2E7009A3004211B7 /* WCAFKMindEchoCompanion.m */; };
		33FCB6D62E7009A3004211B7 /* WCAFKPulseSketchMessenger.m in Sources */ = {isa = PBXBuildFile; fileRef = 33FCB67E2E7009A3004211B7 /* WCAFKPulseSketchMessenger.m */; };
		33FCB6D72E7009A3004211B7 /* SceneDelegate.m in Sources */ = {isa = PBXBuildFile; fileRef = 33FCB6B32E7009A3004211B7 /* SceneDelegate.m */; };
		33FCB6D82E7009A3004211B7 /* WCAFKFibreCrestBeaconController.m in Sources */ = {isa = PBXBuildFile; fileRef = 33FCB6712E7009A3004211B7 /* WCAFKFibreCrestBeaconController.m */; };
		33FCB6D92E7009A3004211B7 /* WCAFKLinkFibreCascadeController.m in Sources */ = {isa = PBXBuildFile; fileRef = 33FCB6772E7009A3004211B7 /* WCAFKLinkFibreCascadeController.m */; };
		33FCB6DA2E7009A3004211B7 /* WCAFKFlareWispHollowController.m in Sources */ = {isa = PBXBuildFile; fileRef = 33FCB6732E7009A3004211B7 /* WCAFKFlareWispHollowController.m */; };
		33FCB6DB2E7009A3004211B7 /* WCAFKAuraKnotCollectionCell.m in Sources */ = {isa = PBXBuildFile; fileRef = 33FCB6832E7009A3004211B7 /* WCAFKAuraKnotCollectionCell.m */; };
/* End PBXBuildFile section */

/* Begin PBXFileReference section */
		3304FE7B2EC70ED30007CF7F /* NSString+WCAKFString.h */ = {isa = PBXFileReference; lastKnownFileType = sourcecode.c.h; path = "NSString+WCAKFString.h"; sourceTree = "<group>"; };
		3304FE7C2EC70ED30007CF7F /* NSString+WCAKFString.m */ = {isa = PBXFileReference; lastKnownFileType = sourcecode.c.objc; path = "NSString+WCAKFString.m"; sourceTree = "<group>"; };
		333BEABC2E7A47A2001B0C50 /* WCAFKFibreCrestBeacon.h */ = {isa = PBXFileReference; lastKnownFileType = sourcecode.c.h; path = WCAFKFibreCrestBeacon.h; sourceTree = "<group>"; };
		333BEABD2E7A47A2001B0C50 /* WCAFKFibreCrestBeacon.m */ = {isa = PBXFileReference; lastKnownFileType = sourcecode.c.objc; path = WCAFKFibreCrestBeacon.m; sourceTree = "<group>"; };
		336E2AF02EBC89A40062C278 /* Weavee.app */ = {isa = PBXFileReference; explicitFileType = wrapper.application; includeInIndex = 0; path = Weavee.app; sourceTree = BUILT_PRODUCTS_DIR; };
		336E2AF12EBC8C250062C278 /* WCAFKLumenVaultStoriesView.h */ = {isa = PBXFileReference; lastKnownFileType = sourcecode.c.h; path = WCAFKLumenVaultStoriesView.h; sourceTree = "<group>"; };
		336E2AF22EBC8C250062C278 /* WCAFKLumenVaultStoriesView.m */ = {isa = PBXFileReference; lastKnownFileType = sourcecode.c.objc; path = WCAFKLumenVaultStoriesView.m; sourceTree = "<group>"; };
		336E2AF42EBC8C360062C278 /* WCAFKLumenVaultStoriesView.xib */ = {isa = PBXFileReference; lastKnownFileType = file.xib; path = WCAFKLumenVaultStoriesView.xib; sourceTree = "<group>"; };
		338791852EBCA2D900F3B691 /* Weavee.entitlements */ = {isa = PBXFileReference; lastKnownFileType = text.plist.entitlements; path = Weavee.entitlements; sourceTree = "<group>"; };
		339A911C2EA7306C00DEFD15 /* WCAFKWeaveeToast.h */ = {isa = PBXFileReference; lastKnownFileType = sourcecode.c.h; path = WCAFKWeaveeToast.h; sourceTree = "<group>"; };
		339A911D2EA7306C00DEFD15 /* WCAFKWeaveeToast.m */ = {isa = PBXFileReference; lastKnownFileType = sourcecode.c.objc; path = WCAFKWeaveeToast.m; sourceTree = "<group>"; };
		33DDD4982E7810B700EC690B /* WCAFKSwayKnotFountainController.h */ = {isa = PBXFileReference; lastKnownFileType = sourcecode.c.h; path = WCAFKSwayKnotFountainController.h; sourceTree = "<group>"; };
		33DDD4992E7810B700EC690B /* WCAFKSwayKnotFountainController.m */ = {isa = PBXFileReference; lastKnownFileType = sourcecode.c.objc; path = WCAFKSwayKnotFountainController.m; sourceTree = "<group>"; };
		33DDD49B2E78165500EC690B /* WCAFKWeftDreamBeaconController.h */ = {isa = PBXFileReference; lastKnownFileType = sourcecode.c.h; path = WCAFKWeftDreamBeaconController.h; sourceTree = "<group>"; };
		33DDD49C2E78165500EC690B /* WCAFKWeftDreamBeaconController.m */ = {isa = PBXFileReference; lastKnownFileType = sourcecode.c.objc; path = WCAFKWeftDreamBeaconController.m; sourceTree = "<group>"; };
		33FCB66C2E7009A3004211B7 /* WCAFKAuraChordCourtController.h */ = {isa = PBXFileReference; lastKnownFileType = sourcecode.c.h; path = WCAFKAuraChordCourtController.h; sourceTree = "<group>"; };
		33FCB66D2E7009A3004211B7 /* WCAFKAuraChordCourtController.m */ = {isa = PBXFileReference; lastKnownFileType = sourcecode.c.objc; path = WCAFKAuraChordCourtController.m; sourceTree = "<group>"; };
		33FCB66E2E7009A3004211B7 /* WCAFKAuraKnotFountainController.h */ = {isa = PBXFileReference; lastKnownFileType = sourcecode.c.h; path = WCAFKAuraKnotFountainController.h; sourceTree = "<group>"; };
		33FCB66F2E7009A3004211B7 /* WCAFKAuraKnotFountainController.m */ = {isa = PBXFileReference; lastKnownFileType = sourcecode.c.objc; path = WCAFKAuraKnotFountainController.m; sourceTree = "<group>"; };
		33FCB6702E7009A3004211B7 /* WCAFKFibreCrestBeaconController.h */ = {isa = PBXFileReference; lastKnownFileType = sourcecode.c.h; path = WCAFKFibreCrestBeaconController.h; sourceTree = "<group>"; };
		33FCB6712E7009A3004211B7 /* WCAFKFibreCrestBeaconController.m */ = {isa = PBXFileReference; lastKnownFileType = sourcecode.c.objc; path = WCAFKFibreCrestBeaconController.m; sourceTree = "<group>"; };
		33FCB6722E7009A3004211B7 /* WCAFKFlareWispHollowController.h */ = {isa = PBXFileReference; lastKnownFileType = sourcecode.c.h; path = WCAFKFlareWispHollowController.h; sourceTree = "<group>"; };
		33FCB6732E7009A3004211B7 /* WCAFKFlareWispHollowController.m */ = {isa = PBXFileReference; lastKnownFileType = sourcecode.c.objc; path = WCAFKFlareWispHollowController.m; sourceTree = "<group>"; };
		33FCB6742E7009A3004211B7 /* WCAFKKnotSageBastionController.h */ = {isa = PBXFileReference; lastKnownFileType = sourcecode.c.h; path = WCAFKKnotSageBastionController.h; sourceTree = "<group>"; };
		33FCB6752E7009A3004211B7 /* WCAFKKnotSageBastionController.m */ = {isa = PBXFileReference; lastKnownFileType = sourcecode.c.objc; path = WCAFKKnotSageBastionController.m; sourceTree = "<group>"; };
		33FCB6762E7009A3004211B7 /* WCAFKLinkFibreCascadeController.h */ = {isa = PBXFileReference; lastKnownFileType = sourcecode.c.h; path = WCAFKLinkFibreCascadeController.h; sourceTree = "<group>"; };
		33FCB6772E7009A3004211B7 /* WCAFKLinkFibreCascadeController.m */ = {isa = PBXFileReference; lastKnownFileType = sourcecode.c.objc; path = WCAFKLinkFibreCascadeController.m; sourceTree = "<group>"; };
		33FCB6782E7009A3004211B7 /* WCAFKVibeSpiralCaskController.h */ = {isa = PBXFileReference; lastKnownFileType = sourcecode.c.h; path = WCAFKVibeSpiralCaskController.h; sourceTree = "<group>"; };
		33FCB6792E7009A3004211B7 /* WCAFKVibeSpiralCaskController.m */ = {isa = PBXFileReference; lastKnownFileType = sourcecode.c.objc; path = WCAFKVibeSpiralCaskController.m; sourceTree = "<group>"; };
		33FCB67B2E7009A3004211B7 /* WCAFKMindEchoCompanion.h */ = {isa = PBXFileReference; lastKnownFileType = sourcecode.c.h; path = WCAFKMindEchoCompanion.h; sourceTree = "<group>"; };
		33FCB67C2E7009A3004211B7 /* WCAFKMindEchoCompanion.m */ = {isa = PBXFileReference; lastKnownFileType = sourcecode.c.objc; path = WCAFKMindEchoCompanion.m; sourceTree = "<group>"; };
		33FCB67D2E7009A3004211B7 /* WCAFKPulseSketchMessenger.h */ = {isa = PBXFileReference; lastKnownFileType = sourcecode.c.h; path = WCAFKPulseSketchMessenger.h; sourceTree = "<group>"; };
		33FCB67E2E7009A3004211B7 /* WCAFKPulseSketchMessenger.m */ = {isa = PBXFileReference; lastKnownFileType = sourcecode.c.objc; path = WCAFKPulseSketchMessenger.m; sourceTree = "<group>"; };
		33FCB67F2E7009A3004211B7 /* WCAFKWeavee.h */ = {isa = PBXFileReference; lastKnownFileType = sourcecode.c.h; path = WCAFKWeavee.h; sourceTree = "<group>"; };
		33FCB6802E7009A3004211B7 /* WCAFKWeavee.m */ = {isa = PBXFileReference; lastKnownFileType = sourcecode.c.objc; path = WCAFKWeavee.m; sourceTree = "<group>"; };
		33FCB6822E7009A3004211B7 /* WCAFKAuraKnotCollectionCell.h */ = {isa = PBXFileReference; lastKnownFileType = sourcecode.c.h; path = WCAFKAuraKnotCollectionCell.h; sourceTree = "<group>"; };
		33FCB6832E7009A3004211B7 /* WCAFKAuraKnotCollectionCell.m */ = {isa = PBXFileReference; lastKnownFileType = sourcecode.c.objc; path = WCAFKAuraKnotCollectionCell.m; sourceTree = "<group>"; };
		33FCB6842E7009A3004211B7 /* WCAFKAuraKnotCollectionCell.xib */ = {isa = PBXFileReference; lastKnownFileType = file.xib; path = WCAFKAuraKnotCollectionCell.xib; sourceTree = "<group>"; };
		33FCB6852E7009A3004211B7 /* WCAFKAuraKnotEmptyCell.h */ = {isa = PBXFileReference; lastKnownFileType = sourcecode.c.h; path = WCAFKAuraKnotEmptyCell.h; sourceTree = "<group>"; };
		33FCB6862E7009A3004211B7 /* WCAFKAuraKnotEmptyCell.m */ = {isa = PBXFileReference; lastKnownFileType = sourcecode.c.objc; path = WCAFKAuraKnotEmptyCell.m; sourceTree = "<group>"; };
		33FCB6872E7009A3004211B7 /* WCAFKAuraKnotEmptyCell.xib */ = {isa = PBXFileReference; lastKnownFileType = file.xib; path = WCAFKAuraKnotEmptyCell.xib; sourceTree = "<group>"; };
		33FCB6882E7009A3004211B7 /* WCAFKAuraKnotFountainView.h */ = {isa = PBXFileReference; lastKnownFileType = sourcecode.c.h; path = WCAFKAuraKnotFountainView.h; sourceTree = "<group>"; };
		33FCB6892E7009A3004211B7 /* WCAFKAuraKnotFountainView.m */ = {isa = PBXFileReference; lastKnownFileType = sourcecode.c.objc; path = WCAFKAuraKnotFountainView.m; sourceTree = "<group>"; };
		33FCB68A2E7009A3004211B7 /* WCAFKAuraKnotFountainView.xib */ = {isa = PBXFileReference; lastKnownFileType = file.xib; path = WCAFKAuraKnotFountainView.xib; sourceTree = "<group>"; };
		33FCB68B2E7009A3004211B7 /* WCAFKFibreCrestBeaconCollectionCell.h */ = {isa = PBXFileReference; lastKnownFileType = sourcecode.c.h; path = WCAFKFibreCrestBeaconCollectionCell.h; sourceTree = "<group>"; };
		33FCB68C2E7009A3004211B7 /* WCAFKFibreCrestBeaconCollectionCell.m */ = {isa = PBXFileReference; lastKnownFileType = sourcecode.c.objc; path = WCAFKFibreCrestBeaconCollectionCell.m; sourceTree = "<group>"; };
		33FCB68D2E7009A3004211B7 /* WCAFKFibreCrestBeaconCollectionCell.xib */ = {isa = PBXFileReference; lastKnownFileType = file.xib; path = WCAFKFibreCrestBeaconCollectionCell.xib; sourceTree = "<group>"; };
		33FCB68E2E7009A3004211B7 /* WCAFKKnotBastionCollectionCell.h */ = {isa = PBXFileReference; lastKnownFileType = sourcecode.c.h; path = WCAFKKnotBastionCollectionCell.h; sourceTree = "<group>"; };
		33FCB68F2E7009A3004211B7 /* WCAFKKnotBastionCollectionCell.m */ = {isa = PBXFileReference; lastKnownFileType = sourcecode.c.objc; path = WCAFKKnotBastionCollectionCell.m; sourceTree = "<group>"; };
		33FCB6902E7009A3004211B7 /* WCAFKKnotBastionCollectionCell.xib */ = {isa = PBXFileReference; lastKnownFileType = file.xib; path = WCAFKKnotBastionCollectionCell.xib; sourceTree = "<group>"; };
		33FCB6912E7009A3004211B7 /* WCAFKKnotSageBastionCollectionCell.h */ = {isa = PBXFileReference; lastKnownFileType = sourcecode.c.h; path = WCAFKKnotSageBastionCollectionCell.h; sourceTree = "<group>"; };
		33FCB6922E7009A3004211B7 /* WCAFKKnotSageBastionCollectionCell.m */ = {isa = PBXFileReference; lastKnownFileType = sourcecode.c.objc; path = WCAFKKnotSageBastionCollectionCell.m; sourceTree = "<group>"; };
		33FCB6932E7009A3004211B7 /* WCAFKKnotSageBastionCollectionCell.xib */ = {isa = PBXFileReference; lastKnownFileType = file.xib; path = WCAFKKnotSageBastionCollectionCell.xib; sourceTree = "<group>"; };
		33FCB6942E7009A3004211B7 /* WCAFKKnotSageCollectionCell.h */ = {isa = PBXFileReference; lastKnownFileType = sourcecode.c.h; path = WCAFKKnotSageCollectionCell.h; sourceTree = "<group>"; };
		33FCB6952E7009A3004211B7 /* WCAFKKnotSageCollectionCell.m */ = {isa = PBXFileReference; lastKnownFileType = sourcecode.c.objc; path = WCAFKKnotSageCollectionCell.m; sourceTree = "<group>"; };
		33FCB6962E7009A3004211B7 /* WCAFKKnotSageCollectionCell.xib */ = {isa = PBXFileReference; lastKnownFileType = file.xib; path = WCAFKKnotSageCollectionCell.xib; sourceTree = "<group>"; };
		33FCB6982E7009A3004211B7 /* WCAFKKnotBastionTableCell.h */ = {isa = PBXFileReference; lastKnownFileType = sourcecode.c.h; path = WCAFKKnotBastionTableCell.h; sourceTree = "<group>"; };
		33FCB6992E7009A3004211B7 /* WCAFKKnotBastionTableCell.m */ = {isa = PBXFileReference; lastKnownFileType = sourcecode.c.objc; path = WCAFKKnotBastionTableCell.m; sourceTree = "<group>"; };
		33FCB69A2E7009A3004211B7 /* WCAFKKnotBastionTableCell.xib */ = {isa = PBXFileReference; lastKnownFileType = file.xib; path = WCAFKKnotBastionTableCell.xib; sourceTree = "<group>"; };
		33FCB69B2E7009A3004211B7 /* WCAFKKnotSageBastionTableCell.h */ = {isa = PBXFileReference; lastKnownFileType = sourcecode.c.h; path = WCAFKKnotSageBastionTableCell.h; sourceTree = "<group>"; };
		33FCB69C2E7009A3004211B7 /* WCAFKKnotSageBastionTableCell.m */ = {isa = PBXFileReference; lastKnownFileType = sourcecode.c.objc; path = WCAFKKnotSageBastionTableCell.m; sourceTree = "<group>"; };
		33FCB69D2E7009A3004211B7 /* WCAFKKnotSageBastionTableCell.xib */ = {isa = PBXFileReference; lastKnownFileType = file.xib; path = WCAFKKnotSageBastionTableCell.xib; sourceTree = "<group>"; };
		33FCB69E2E7009A3004211B7 /* WCAFKKnotSageTableCell.h */ = {isa = PBXFileReference; lastKnownFileType = sourcecode.c.h; path = WCAFKKnotSageTableCell.h; sourceTree = "<group>"; };
		33FCB69F2E7009A3004211B7 /* WCAFKKnotSageTableCell.m */ = {isa = PBXFileReference; lastKnownFileType = sourcecode.c.objc; path = WCAFKKnotSageTableCell.m; sourceTree = "<group>"; };
		33FCB6A02E7009A3004211B7 /* WCAFKKnotSageTableCell.xib */ = {isa = PBXFileReference; lastKnownFileType = file.xib; path = WCAFKKnotSageTableCell.xib; sourceTree = "<group>"; };
		33FCB6A12E7009A3004211B7 /* WCAFKVibeSpiralCaskTableCell.h */ = {isa = PBXFileReference; lastKnownFileType = sourcecode.c.h; path = WCAFKVibeSpiralCaskTableCell.h; sourceTree = "<group>"; };
		33FCB6A22E7009A3004211B7 /* WCAFKVibeSpiralCaskTableCell.m */ = {isa = PBXFileReference; lastKnownFileType = sourcecode.c.objc; path = WCAFKVibeSpiralCaskTableCell.m; sourceTree = "<group>"; };
		33FCB6A32E7009A3004211B7 /* WCAFKVibeSpiralCaskTableCell.xib */ = {isa = PBXFileReference; lastKnownFileType = file.xib; path = WCAFKVibeSpiralCaskTableCell.xib; sourceTree = "<group>"; };
		33FCB6A62E7009A3004211B7 /* WCAFKWeaveeSpecialFlowLayout.h */ = {isa = PBXFileReference; lastKnownFileType = sourcecode.c.h; path = WCAFKWeaveeSpecialFlowLayout.h; sourceTree = "<group>"; };
		33FCB6A72E7009A3004211B7 /* WCAFKWeaveeSpecialFlowLayout.m */ = {isa = PBXFileReference; lastKnownFileType = sourcecode.c.objc; path = WCAFKWeaveeSpecialFlowLayout.m; sourceTree = "<group>"; };
		33FCB6A92E7009A3004211B7 /* AppDelegate.h */ = {isa = PBXFileReference; lastKnownFileType = sourcecode.c.h; path = AppDelegate.h; sourceTree = "<group>"; };
		33FCB6AA2E7009A3004211B7 /* AppDelegate.m */ = {isa = PBXFileReference; lastKnownFileType = sourcecode.c.objc; path = AppDelegate.m; sourceTree = "<group>"; };
		33FCB6AB2E7009A3004211B7 /* Assets.xcassets */ = {isa = PBXFileReference; lastKnownFileType = folder.assetcatalog; path = Assets.xcassets; sourceTree = "<group>"; };
		33FCB6AC2E7009A3004211B7 /* Info.plist */ = {isa = PBXFileReference; lastKnownFileType = text.plist.xml; path = Info.plist; sourceTree = "<group>"; };
		33FCB6AD2E7009A3004211B7 /* Base */ = {isa = PBXFileReference; lastKnownFileType = file.storyboard; name = Base; path = Base.lproj/LaunchScreen.storyboard; sourceTree = "<group>"; };
		33FCB6AF2E7009A3004211B7 /* main.m */ = {isa = PBXFileReference; lastKnownFileType = sourcecode.c.objc; path = main.m; sourceTree = "<group>"; };
		33FCB6B02E7009A3004211B7 /* Base */ = {isa = PBXFileReference; lastKnownFileType = file.storyboard; name = Base; path = Base.lproj/Main.storyboard; sourceTree = "<group>"; };
		33FCB6B22E7009A3004211B7 /* SceneDelegate.h */ = {isa = PBXFileReference; lastKnownFileType = sourcecode.c.h; path = SceneDelegate.h; sourceTree = "<group>"; };
		33FCB6B32E7009A3004211B7 /* SceneDelegate.m */ = {isa = PBXFileReference; lastKnownFileType = sourcecode.c.objc; path = SceneDelegate.m; sourceTree = "<group>"; };
/* End PBXFileReference section */

/* Begin PBXFrameworksBuildPhase section */
		3388A6A42E4F0EEA00DA5FE9 /* Frameworks */ = {
			isa = PBXFrameworksBuildPhase;
			buildActionMask = 2147483647;
			files = (
			);
			runOnlyForDeploymentPostprocessing = 0;
		};
/* End PBXFrameworksBuildPhase section */

/* Begin PBXGroup section */
		3388A69E2E4F0EEA00DA5FE9 = {
			isa = PBXGroup;
			children = (
				33FCB6B42E7009A3004211B7 /* Weavee */,
				336E2AF02EBC89A40062C278 /* Weavee.app */,
			);
			sourceTree = "<group>";
		};
		33FCB67A2E7009A3004211B7 /* Controller */ = {
			isa = PBXGroup;
			children = (
				33FCB66C2E7009A3004211B7 /* WCAFKAuraChordCourtController.h */,
				33FCB66D2E7009A3004211B7 /* WCAFKAuraChordCourtController.m */,
				33FCB66E2E7009A3004211B7 /* WCAFKAuraKnotFountainController.h */,
				33FCB66F2E7009A3004211B7 /* WCAFKAuraKnotFountainController.m */,
				33FCB6702E7009A3004211B7 /* WCAFKFibreCrestBeaconController.h */,
				33FCB6712E7009A3004211B7 /* WCAFKFibreCrestBeaconController.m */,
				33FCB6722E7009A3004211B7 /* WCAFKFlareWispHollowController.h */,
				33FCB6732E7009A3004211B7 /* WCAFKFlareWispHollowController.m */,
				33FCB6742E7009A3004211B7 /* WCAFKKnotSageBastionController.h */,
				33FCB6752E7009A3004211B7 /* WCAFKKnotSageBastionController.m */,
				33FCB6762E7009A3004211B7 /* WCAFKLinkFibreCascadeController.h */,
				33FCB6772E7009A3004211B7 /* WCAFKLinkFibreCascadeController.m */,
				33FCB6782E7009A3004211B7 /* WCAFKVibeSpiralCaskController.h */,
				33FCB6792E7009A3004211B7 /* WCAFKVibeSpiralCaskController.m */,
				33DDD4982E7810B700EC690B /* WCAFKSwayKnotFountainController.h */,
				33DDD4992E7810B700EC690B /* WCAFKSwayKnotFountainController.m */,
				33DDD49B2E78165500EC690B /* WCAFKWeftDreamBeaconController.h */,
				33DDD49C2E78165500EC690B /* WCAFKWeftDreamBeaconController.m */,
			);
			path = Controller;
			sourceTree = "<group>";
		};
		33FCB6812E7009A3004211B7 /* Model */ = {
			isa = PBXGroup;
			children = (
				33FCB67B2E7009A3004211B7 /* WCAFKMindEchoCompanion.h */,
				33FCB67C2E7009A3004211B7 /* WCAFKMindEchoCompanion.m */,
				33FCB67D2E7009A3004211B7 /* WCAFKPulseSketchMessenger.h */,
				33FCB67E2E7009A3004211B7 /* WCAFKPulseSketchMessenger.m */,
				33FCB67F2E7009A3004211B7 /* WCAFKWeavee.h */,
				33FCB6802E7009A3004211B7 /* WCAFKWeavee.m */,
				333BEABC2E7A47A2001B0C50 /* WCAFKFibreCrestBeacon.h */,
				333BEABD2E7A47A2001B0C50 /* WCAFKFibreCrestBeacon.m */,
				339A911C2EA7306C00DEFD15 /* WCAFKWeaveeToast.h */,
				339A911D2EA7306C00DEFD15 /* WCAFKWeaveeToast.m */,
				3304FE7B2EC70ED30007CF7F /* NSString+WCAKFString.h */,
				3304FE7C2EC70ED30007CF7F /* NSString+WCAKFString.m */,
			);
			path = Model;
			sourceTree = "<group>";
		};
		33FCB6972E7009A3004211B7 /* CollectionViewcell */ = {
			isa = PBXGroup;
			children = (
				33FCB6822E7009A3004211B7 /* WCAFKAuraKnotCollectionCell.h */,
				33FCB6832E7009A3004211B7 /* WCAFKAuraKnotCollectionCell.m */,
				33FCB6842E7009A3004211B7 /* WCAFKAuraKnotCollectionCell.xib */,
				33FCB6852E7009A3004211B7 /* WCAFKAuraKnotEmptyCell.h */,
				33FCB6862E7009A3004211B7 /* WCAFKAuraKnotEmptyCell.m */,
				33FCB6872E7009A3004211B7 /* WCAFKAuraKnotEmptyCell.xib */,
				33FCB6882E7009A3004211B7 /* WCAFKAuraKnotFountainView.h */,
				33FCB6892E7009A3004211B7 /* WCAFKAuraKnotFountainView.m */,
				33FCB68A2E7009A3004211B7 /* WCAFKAuraKnotFountainView.xib */,
				33FCB68B2E7009A3004211B7 /* WCAFKFibreCrestBeaconCollectionCell.h */,
				33FCB68C2E7009A3004211B7 /* WCAFKFibreCrestBeaconCollectionCell.m */,
				33FCB68D2E7009A3004211B7 /* WCAFKFibreCrestBeaconCollectionCell.xib */,
				33FCB68E2E7009A3004211B7 /* WCAFKKnotBastionCollectionCell.h */,
				33FCB68F2E7009A3004211B7 /* WCAFKKnotBastionCollectionCell.m */,
				33FCB6902E7009A3004211B7 /* WCAFKKnotBastionCollectionCell.xib */,
				33FCB6912E7009A3004211B7 /* WCAFKKnotSageBastionCollectionCell.h */,
				33FCB6922E7009A3004211B7 /* WCAFKKnotSageBastionCollectionCell.m */,
				33FCB6932E7009A3004211B7 /* WCAFKKnotSageBastionCollectionCell.xib */,
				33FCB6942E7009A3004211B7 /* WCAFKKnotSageCollectionCell.h */,
				33FCB6952E7009A3004211B7 /* WCAFKKnotSageCollectionCell.m */,
				33FCB6962E7009A3004211B7 /* WCAFKKnotSageCollectionCell.xib */,
			);
			path = CollectionViewcell;
			sourceTree = "<group>";
		};
		33FCB6A42E7009A3004211B7 /* TableViewcell */ = {
			isa = PBXGroup;
			children = (
				33FCB6982E7009A3004211B7 /* WCAFKKnotBastionTableCell.h */,
				33FCB6992E7009A3004211B7 /* WCAFKKnotBastionTableCell.m */,
				33FCB69A2E7009A3004211B7 /* WCAFKKnotBastionTableCell.xib */,
				33FCB69B2E7009A3004211B7 /* WCAFKKnotSageBastionTableCell.h */,
				33FCB69C2E7009A3004211B7 /* WCAFKKnotSageBastionTableCell.m */,
				33FCB69D2E7009A3004211B7 /* WCAFKKnotSageBastionTableCell.xib */,
				33FCB69E2E7009A3004211B7 /* WCAFKKnotSageTableCell.h */,
				33FCB69F2E7009A3004211B7 /* WCAFKKnotSageTableCell.m */,
				33FCB6A02E7009A3004211B7 /* WCAFKKnotSageTableCell.xib */,
				33FCB6A12E7009A3004211B7 /* WCAFKVibeSpiralCaskTableCell.h */,
				33FCB6A22E7009A3004211B7 /* WCAFKVibeSpiralCaskTableCell.m */,
				33FCB6A32E7009A3004211B7 /* WCAFKVibeSpiralCaskTableCell.xib */,
			);
			path = TableViewcell;
			sourceTree = "<group>";
		};
		33FCB6A52E7009A3004211B7 /* KnotSageBastion */ = {
			isa = PBXGroup;
			children = (
				33FCB6972E7009A3004211B7 /* CollectionViewcell */,
				33FCB6A42E7009A3004211B7 /* TableViewcell */,
			);
			path = KnotSageBastion;
			sourceTree = "<group>";
		};
		33FCB6A82E7009A3004211B7 /* View */ = {
			isa = PBXGroup;
			children = (
				33FCB6A52E7009A3004211B7 /* KnotSageBastion */,
				33FCB6A62E7009A3004211B7 /* WCAFKWeaveeSpecialFlowLayout.h */,
				33FCB6A72E7009A3004211B7 /* WCAFKWeaveeSpecialFlowLayout.m */,
				336E2AF12EBC8C250062C278 /* WCAFKLumenVaultStoriesView.h */,
				336E2AF22EBC8C250062C278 /* WCAFKLumenVaultStoriesView.m */,
				336E2AF42EBC8C360062C278 /* WCAFKLumenVaultStoriesView.xib */,
			);
			path = View;
			sourceTree = "<group>";
		};
		33FCB6B42E7009A3004211B7 /* Weavee */ = {
			isa = PBXGroup;
			children = (
				338791852EBCA2D900F3B691 /* Weavee.entitlements */,
				33FCB67A2E7009A3004211B7 /* Controller */,
				33FCB6812E7009A3004211B7 /* Model */,
				33FCB6A82E7009A3004211B7 /* View */,
				33FCB6A92E7009A3004211B7 /* AppDelegate.h */,
				33FCB6AA2E7009A3004211B7 /* AppDelegate.m */,
				33FCB6AB2E7009A3004211B7 /* Assets.xcassets */,
				33FCB6AC2E7009A3004211B7 /* Info.plist */,
				33FCB6AE2E7009A3004211B7 /* LaunchScreen.storyboard */,
				33FCB6AF2E7009A3004211B7 /* main.m */,
				33FCB6B12E7009A3004211B7 /* Main.storyboard */,
				33FCB6B22E7009A3004211B7 /* SceneDelegate.h */,
				33FCB6B32E7009A3004211B7 /* SceneDelegate.m */,
			);
			path = Weavee;
			sourceTree = "<group>";
		};
/* End PBXGroup section */

/* Begin PBXNativeTarget section */
		3388A6A62E4F0EEA00DA5FE9 /* Weavee */ = {
			isa = PBXNativeTarget;
			buildConfigurationList = 3388A6BF2E4F0EEB00DA5FE9 /* Build configuration list for PBXNativeTarget "Weavee" */;
			buildPhases = (
				3388A6A32E4F0EEA00DA5FE9 /* Sources */,
				3388A6A42E4F0EEA00DA5FE9 /* Frameworks */,
				3388A6A52E4F0EEA00DA5FE9 /* Resources */,
			);
			buildRules = (
			);
			dependencies = (
			);
			name = Weavee;
			productName = Weavee;
			productReference = 336E2AF02EBC89A40062C278 /* Weavee.app */;
			productType = "com.apple.product-type.application";
		};
/* End PBXNativeTarget section */

/* Begin PBXProject section */
		3388A69F2E4F0EEA00DA5FE9 /* Project object */ = {
			isa = PBXProject;
			attributes = {
				BuildIndependentTargetsInParallel = 1;
				LastUpgradeCheck = 1640;
				TargetAttributes = {
					3388A6A62E4F0EEA00DA5FE9 = {
						CreatedOnToolsVersion = 16.4;
					};
				};
			};
			buildConfigurationList = 3388A6A22E4F0EEA00DA5FE9 /* Build configuration list for PBXProject "Weavee" */;
			developmentRegion = en;
			hasScannedForEncodings = 0;
			knownRegions = (
				en,
				Base,
			);
			mainGroup = 3388A69E2E4F0EEA00DA5FE9;
			minimizedProjectReferenceProxies = 1;
			preferredProjectObjectVersion = 77;
			productRefGroup = 3388A69E2E4F0EEA00DA5FE9;
			projectDirPath = "";
			projectRoot = "";
			targets = (
				3388A6A62E4F0EEA00DA5FE9 /* Weavee */,
			);
		};
/* End PBXProject section */

/* Begin PBXResourcesBuildPhase section */
		3388A6A52E4F0EEA00DA5FE9 /* Resources */ = {
			isa = PBXResourcesBuildPhase;
			buildActionMask = 2147483647;
			files = (
				33FCB6B52E7009A3004211B7 /* Assets.xcassets in Resources */,
				33FCB6B62E7009A3004211B7 /* WCAFKKnotBastionCollectionCell.xib in Resources */,
				33FCB6B72E7009A3004211B7 /* WCAFKKnotSageBastionTableCell.xib in Resources */,
				33FCB6B82E7009A3004211B7 /* WCAFKVibeSpiralCaskTableCell.xib in Resources */,
				336E2AF52EBC8C360062C278 /* WCAFKLumenVaultStoriesView.xib in Resources */,
				33FCB6B92E7009A3004211B7 /* WCAFKAuraKnotFountainView.xib in Resources */,
				33FCB6BA2E7009A3004211B7 /* LaunchScreen.storyboard in Resources */,
				33FCB6BB2E7009A3004211B7 /* WCAFKKnotBastionTableCell.xib in Resources */,
				33FCB6BC2E7009A3004211B7 /* WCAFKAuraKnotCollectionCell.xib in Resources */,
				33FCB6BD2E7009A3004211B7 /* WCAFKAuraKnotEmptyCell.xib in Resources */,
				33FCB6BE2E7009A3004211B7 /* WCAFKKnotSageBastionCollectionCell.xib in Resources */,
				33FCB6BF2E7009A3004211B7 /* WCAFKKnotSageCollectionCell.xib in Resources */,
				33FCB6C02E7009A3004211B7 /* Main.storyboard in Resources */,
				33FCB6C12E7009A3004211B7 /* WCAFKFibreCrestBeaconCollectionCell.xib in Resources */,
				33FCB6C22E7009A3004211B7 /* WCAFKKnotSageTableCell.xib in Resources */,
			);
			runOnlyForDeploymentPostprocessing = 0;
		};
/* End PBXResourcesBuildPhase section */

/* Begin PBXSourcesBuildPhase section */
		3388A6A32E4F0EEA00DA5FE9 /* Sources */ = {
			isa = PBXSourcesBuildPhase;
			buildActionMask = 2147483647;
			files = (
				33FCB6C32E7009A3004211B7 /* WCAFKKnotBastionCollectionCell.m in Sources */,
				33FCB6C42E7009A3004211B7 /* WCAFKKnotSageTableCell.m in Sources */,
				33FCB6C52E7009A3004211B7 /* WCAFKAuraKnotFountainController.m in Sources */,
				33FCB6C62E7009A3004211B7 /* WCAFKAuraKnotFountainView.m in Sources */,
				33FCB6C72E7009A3004211B7 /* WCAFKKnotSageBastionCollectionCell.m in Sources */,
				33FCB6C82E7009A3004211B7 /* WCAFKKnotBastionTableCell.m in Sources */,
				33FCB6C92E7009A3004211B7 /* WCAFKKnotSageBastionController.m in Sources */,
				33FCB6CA2E7009A3004211B7 /* WCAFKVibeSpiralCaskController.m in Sources */,
				33FCB6CB2E7009A3004211B7 /* WCAFKAuraKnotEmptyCell.m in Sources */,
				33FCB6CC2E7009A3004211B7 /* WCAFKAuraChordCourtController.m in Sources */,
				33FCB6CD2E7009A3004211B7 /* WCAFKVibeSpiralCaskTableCell.m in Sources */,
				33FCB6CE2E7009A3004211B7 /* WCAFKFibreCrestBeaconCollectionCell.m in Sources */,
				339A911E2EA7306C00DEFD15 /* WCAFKWeaveeToast.m in Sources */,
				33FCB6CF2E7009A3004211B7 /* WCAFKKnotSageBastionTableCell.m in Sources */,
				33FCB6D02E7009A3004211B7 /* WCAFKWeaveeSpecialFlowLayout.m in Sources */,
				33FCB6D12E7009A3004211B7 /* main.m in Sources */,
				33FCB6D22E7009A3004211B7 /* AppDelegate.m in Sources */,
				33FCB6D32E7009A3004211B7 /* WCAFKWeavee.m in Sources */,
				33FCB6D42E7009A3004211B7 /* WCAFKKnotSageCollectionCell.m in Sources */,
				33FCB6D52E7009A3004211B7 /* WCAFKMindEchoCompanion.m in Sources */,
				33FCB6D62E7009A3004211B7 /* WCAFKPulseSketchMessenger.m in Sources */,
				336E2AF32EBC8C250062C278 /* WCAFKLumenVaultStoriesView.m in Sources */,
				33FCB6D72E7009A3004211B7 /* SceneDelegate.m in Sources */,
				3304FE7D2EC70ED30007CF7F /* NSString+WCAKFString.m in Sources */,
				33FCB6D82E7009A3004211B7 /* WCAFKFibreCrestBeaconController.m in Sources */,
				33FCB6D92E7009A3004211B7 /* WCAFKLinkFibreCascadeController.m in Sources */,
				33DDD49A2E7810B700EC690B /* WCAFKSwayKnotFountainController.m in Sources */,
				33FCB6DA2E7009A3004211B7 /* WCAFKFlareWispHollowController.m in Sources */,
				33DDD49D2E78165500EC690B /* WCAFKWeftDreamBeaconController.m in Sources */,
				333BEABE2E7A47A2001B0C50 /* WCAFKFibreCrestBeacon.m in Sources */,
				33FCB6DB2E7009A3004211B7 /* WCAFKAuraKnotCollectionCell.m in Sources */,
			);
			runOnlyForDeploymentPostprocessing = 0;
		};
/* End PBXSourcesBuildPhase section */

/* Begin PBXVariantGroup section */
		33FCB6AE2E7009A3004211B7 /* LaunchScreen.storyboard */ = {
			isa = PBXVariantGroup;
			children = (
				33FCB6AD2E7009A3004211B7 /* Base */,
			);
			name = LaunchScreen.storyboard;
			sourceTree = "<group>";
		};
		33FCB6B12E7009A3004211B7 /* Main.storyboard */ = {
			isa = PBXVariantGroup;
			children = (
				33FCB6B02E7009A3004211B7 /* Base */,
			);
			name = Main.storyboard;
			sourceTree = "<group>";
		};
/* End PBXVariantGroup section */

/* Begin XCBuildConfiguration section */
		3388A6C02E4F0EEB00DA5FE9 /* Debug */ = {
			isa = XCBuildConfiguration;
			buildSettings = {
				ASSETCATALOG_COMPILER_APPICON_NAME = AppIcon;
				ASSETCATALOG_COMPILER_GLOBAL_ACCENT_COLOR_NAME = AccentColor;
				ASSETCATALOG_COMPILER_INCLUDE_ALL_APPICON_ASSETS = NO;
				CODE_SIGN_ENTITLEMENTS = Weavee/Weavee.entitlements;
				CODE_SIGN_STYLE = Automatic;
				CURRENT_PROJECT_VERSION = 4;
				DEVELOPMENT_TEAM = "";
				ENABLE_USER_SCRIPT_SANDBOXING = NO;
				GENERATE_INFOPLIST_FILE = YES;
				INFOPLIST_FILE = Weavee/Info.plist;
				INFOPLIST_KEY_NSCameraUsageDescription = "We need access to your camera to take photos for posting content and updating your profile picture.";
				INFOPLIST_KEY_NSMicrophoneUsageDescription = "We need access to your microphone to record audio for live streaming and video content.";
				INFOPLIST_KEY_NSPhotoLibraryUsageDescription = "We need access to your photo library to allow you to select images for posting content and updating your profile picture";
				INFOPLIST_KEY_UIApplicationSupportsIndirectInputEvents = YES;
				INFOPLIST_KEY_UILaunchStoryboardName = LaunchScreen.storyboard;
				INFOPLIST_KEY_UIMainStoryboardFile = Main;
				INFOPLIST_KEY_UISupportedInterfaceOrientations_iPad = "UIInterfaceOrientationPortrait UIInterfaceOrientationPortraitUpsideDown UIInterfaceOrientationLandscapeLeft UIInterfaceOrientationLandscapeRight";
				INFOPLIST_KEY_UISupportedInterfaceOrientations_iPhone = "UIInterfaceOrientationPortrait UIInterfaceOrientationLandscapeLeft UIInterfaceOrientationLandscapeRight";
				IPHONEOS_DEPLOYMENT_TARGET = 15.0;
				LD_RUNPATH_SEARCH_PATHS = (
					"$(inherited)",
					"@executable_path/Frameworks",
				);
				MARKETING_VERSION = 1.1.1;
				PRODUCT_BUNDLE_IDENTIFIER = com.outfit.Weavee;
				PRODUCT_NAME = "$(TARGET_NAME)";
				SUPPORTED_PLATFORMS = "iphoneos iphonesimulator";
				SUPPORTS_MACCATALYST = NO;
				SUPPORTS_MAC_DESIGNED_FOR_IPHONE_IPAD = NO;
				SUPPORTS_XR_DESIGNED_FOR_IPHONE_IPAD = NO;
				SWIFT_EMIT_LOC_STRINGS = YES;
				TARGETED_DEVICE_FAMILY = 1;
			};
			name = Debug;
		};
		3388A6C12E4F0EEB00DA5FE9 /* Release */ = {
			isa = XCBuildConfiguration;
			buildSettings = {
				ASSETCATALOG_COMPILER_APPICON_NAME = AppIcon;
				ASSETCATALOG_COMPILER_GLOBAL_ACCENT_COLOR_NAME = AccentColor;
				ASSETCATALOG_COMPILER_INCLUDE_ALL_APPICON_ASSETS = NO;
				CODE_SIGN_ENTITLEMENTS = Weavee/Weavee.entitlements;
				CODE_SIGN_STYLE = Automatic;
				CURRENT_PROJECT_VERSION = 4;
				DEVELOPMENT_TEAM = "";
				ENABLE_USER_SCRIPT_SANDBOXING = NO;
				GENERATE_INFOPLIST_FILE = YES;
				INFOPLIST_FILE = Weavee/Info.plist;
				INFOPLIST_KEY_NSCameraUsageDescription = "We need access to your camera to take photos for posting content and updating your profile picture.";
				INFOPLIST_KEY_NSMicrophoneUsageDescription = "We need access to your microphone to record audio for live streaming and video content.";
				INFOPLIST_KEY_NSPhotoLibraryUsageDescription = "We need access to your photo library to allow you to select images for posting content and updating your profile picture";
				INFOPLIST_KEY_UIApplicationSupportsIndirectInputEvents = YES;
				INFOPLIST_KEY_UILaunchStoryboardName = LaunchScreen.storyboard;
				INFOPLIST_KEY_UIMainStoryboardFile = Main;
				INFOPLIST_KEY_UISupportedInterfaceOrientations_iPad = "UIInterfaceOrientationPortrait UIInterfaceOrientationPortraitUpsideDown UIInterfaceOrientationLandscapeLeft UIInterfaceOrientationLandscapeRight";
				INFOPLIST_KEY_UISupportedInterfaceOrientations_iPhone = "UIInterfaceOrientationPortrait UIInterfaceOrientationLandscapeLeft UIInterfaceOrientationLandscapeRight";
				IPHONEOS_DEPLOYMENT_TARGET = 15.0;
				LD_RUNPATH_SEARCH_PATHS = (
					"$(inherited)",
					"@executable_path/Frameworks",
				);
				MARKETING_VERSION = 1.1.1;
				PRODUCT_BUNDLE_IDENTIFIER = com.outfit.Weavee;
				PRODUCT_NAME = "$(TARGET_NAME)";
				SUPPORTED_PLATFORMS = "iphoneos iphonesimulator";
				SUPPORTS_MACCATALYST = NO;
				SUPPORTS_MAC_DESIGNED_FOR_IPHONE_IPAD = NO;
				SUPPORTS_XR_DESIGNED_FOR_IPHONE_IPAD = NO;
				SWIFT_EMIT_LOC_STRINGS = YES;
				TARGETED_DEVICE_FAMILY = 1;
			};
			name = Release;
		};
		3388A6C22E4F0EEB00DA5FE9 /* Debug */ = {
			isa = XCBuildConfiguration;
			buildSettings = {
				ALWAYS_SEARCH_USER_PATHS = NO;
				ASSETCATALOG_COMPILER_GENERATE_SWIFT_ASSET_SYMBOL_EXTENSIONS = YES;
				CLANG_ANALYZER_NONNULL = YES;
				CLANG_ANALYZER_NUMBER_OBJECT_CONVERSION = YES_AGGRESSIVE;
				CLANG_CXX_LANGUAGE_STANDARD = "gnu++20";
				CLANG_ENABLE_MODULES = YES;
				CLANG_ENABLE_OBJC_ARC = YES;
				CLANG_ENABLE_OBJC_WEAK = YES;
				CLANG_WARN_BLOCK_CAPTURE_AUTORELEASING = YES;
				CLANG_WARN_BOOL_CONVERSION = YES;
				CLANG_WARN_COMMA = YES;
				CLANG_WARN_CONSTANT_CONVERSION = YES;
				CLANG_WARN_DEPRECATED_OBJC_IMPLEMENTATIONS = YES;
				CLANG_WARN_DIRECT_OBJC_ISA_USAGE = YES_ERROR;
				CLANG_WARN_DOCUMENTATION_COMMENTS = YES;
				CLANG_WARN_EMPTY_BODY = YES;
				CLANG_WARN_ENUM_CONVERSION = YES;
				CLANG_WARN_INFINITE_RECURSION = YES;
				CLANG_WARN_INT_CONVERSION = YES;
				CLANG_WARN_NON_LITERAL_NULL_CONVERSION = YES;
				CLANG_WARN_OBJC_IMPLICIT_RETAIN_SELF = YES;
				CLANG_WARN_OBJC_LITERAL_CONVERSION = YES;
				CLANG_WARN_OBJC_ROOT_CLASS = YES_ERROR;
				CLANG_WARN_QUOTED_INCLUDE_IN_FRAMEWORK_HEADER = YES;
				CLANG_WARN_RANGE_LOOP_ANALYSIS = YES;
				CLANG_WARN_STRICT_PROTOTYPES = YES;
				CLANG_WARN_SUSPICIOUS_MOVE = YES;
				CLANG_WARN_UNGUARDED_AVAILABILITY = YES_AGGRESSIVE;
				CLANG_WARN_UNREACHABLE_CODE = YES;
				CLANG_WARN__DUPLICATE_METHOD_MATCH = YES;
				COPY_PHASE_STRIP = NO;
				DEBUG_INFORMATION_FORMAT = dwarf;
				ENABLE_STRICT_OBJC_MSGSEND = YES;
				ENABLE_TESTABILITY = YES;
				ENABLE_USER_SCRIPT_SANDBOXING = YES;
				GCC_C_LANGUAGE_STANDARD = gnu17;
				GCC_DYNAMIC_NO_PIC = NO;
				GCC_NO_COMMON_BLOCKS = YES;
				GCC_OPTIMIZATION_LEVEL = 0;
				GCC_PREPROCESSOR_DEFINITIONS = (
					"DEBUG=1",
					"$(inherited)",
				);
				GCC_WARN_64_TO_32_BIT_CONVERSION = YES;
				GCC_WARN_ABOUT_RETURN_TYPE = YES_ERROR;
				GCC_WARN_UNDECLARED_SELECTOR = YES;
				GCC_WARN_UNINITIALIZED_AUTOS = YES_AGGRESSIVE;
				GCC_WARN_UNUSED_FUNCTION = YES;
				GCC_WARN_UNUSED_VARIABLE = YES;
				IPHONEOS_DEPLOYMENT_TARGET = 18.5;
				LOCALIZATION_PREFERS_STRING_CATALOGS = YES;
				MTL_ENABLE_DEBUG_INFO = INCLUDE_SOURCE;
				MTL_FAST_MATH = YES;
				ONLY_ACTIVE_ARCH = YES;
				SDKROOT = iphoneos;
			};
			name = Debug;
		};
		3388A6C32E4F0EEB00DA5FE9 /* Release */ = {
			isa = XCBuildConfiguration;
			buildSettings = {
				ALWAYS_SEARCH_USER_PATHS = NO;
				ASSETCATALOG_COMPILER_GENERATE_SWIFT_ASSET_SYMBOL_EXTENSIONS = YES;
				CLANG_ANALYZER_NONNULL = YES;
				CLANG_ANALYZER_NUMBER_OBJECT_CONVERSION = YES_AGGRESSIVE;
				CLANG_CXX_LANGUAGE_STANDARD = "gnu++20";
				CLANG_ENABLE_MODULES = YES;
				CLANG_ENABLE_OBJC_ARC = YES;
				CLANG_ENABLE_OBJC_WEAK = YES;
				CLANG_WARN_BLOCK_CAPTURE_AUTORELEASING = YES;
				CLANG_WARN_BOOL_CONVERSION = YES;
				CLANG_WARN_COMMA = YES;
				CLANG_WARN_CONSTANT_CONVERSION = YES;
				CLANG_WARN_DEPRECATED_OBJC_IMPLEMENTATIONS = YES;
				CLANG_WARN_DIRECT_OBJC_ISA_USAGE = YES_ERROR;
				CLANG_WARN_DOCUMENTATION_COMMENTS = YES;
				CLANG_WARN_EMPTY_BODY = YES;
				CLANG_WARN_ENUM_CONVERSION = YES;
				CLANG_WARN_INFINITE_RECURSION = YES;
				CLANG_WARN_INT_CONVERSION = YES;
				CLANG_WARN_NON_LITERAL_NULL_CONVERSION = YES;
				CLANG_WARN_OBJC_IMPLICIT_RETAIN_SELF = YES;
				CLANG_WARN_OBJC_LITERAL_CONVERSION = YES;
				CLANG_WARN_OBJC_ROOT_CLASS = YES_ERROR;
				CLANG_WARN_QUOTED_INCLUDE_IN_FRAMEWORK_HEADER = YES;
				CLANG_WARN_RANGE_LOOP_ANALYSIS = YES;
				CLANG_WARN_STRICT_PROTOTYPES = YES;
				CLANG_WARN_SUSPICIOUS_MOVE = YES;
				CLANG_WARN_UNGUARDED_AVAILABILITY = YES_AGGRESSIVE;
				CLANG_WARN_UNREACHABLE_CODE = YES;
				CLANG_WARN__DUPLICATE_METHOD_MATCH = YES;
				COPY_PHASE_STRIP = NO;
				DEBUG_INFORMATION_FORMAT = "dwarf-with-dsym";
				ENABLE_NS_ASSERTIONS = NO;
				ENABLE_STRICT_OBJC_MSGSEND = YES;
				ENABLE_USER_SCRIPT_SANDBOXING = YES;
				GCC_C_LANGUAGE_STANDARD = gnu17;
				GCC_NO_COMMON_BLOCKS = YES;
				GCC_WARN_64_TO_32_BIT_CONVERSION = YES;
				GCC_WARN_ABOUT_RETURN_TYPE = YES_ERROR;
				GCC_WARN_UNDECLARED_SELECTOR = YES;
				GCC_WARN_UNINITIALIZED_AUTOS = YES_AGGRESSIVE;
				GCC_WARN_UNUSED_FUNCTION = YES;
				GCC_WARN_UNUSED_VARIABLE = YES;
				IPHONEOS_DEPLOYMENT_TARGET = 18.5;
				LOCALIZATION_PREFERS_STRING_CATALOGS = YES;
				MTL_ENABLE_DEBUG_INFO = NO;
				MTL_FAST_MATH = YES;
				SDKROOT = iphoneos;
				VALIDATE_PRODUCT = YES;
			};
			name = Release;
		};
/* End XCBuildConfiguration section */

/* Begin XCConfigurationList section */
		3388A6A22E4F0EEA00DA5FE9 /* Build configuration list for PBXProject "Weavee" */ = {
			isa = XCConfigurationList;
			buildConfigurations = (
				3388A6C22E4F0EEB00DA5FE9 /* Debug */,
				3388A6C32E4F0EEB00DA5FE9 /* Release */,
			);
			defaultConfigurationIsVisible = 0;
			defaultConfigurationName = Release;
		};
		3388A6BF2E4F0EEB00DA5FE9 /* Build configuration list for PBXNativeTarget "Weavee" */ = {
			isa = XCConfigurationList;
			buildConfigurations = (
				3388A6C02E4F0EEB00DA5FE9 /* Debug */,
				3388A6C12E4F0EEB00DA5FE9 /* Release */,
			);
			defaultConfigurationIsVisible = 0;
			defaultConfigurationName = Release;
		};
/* End XCConfigurationList section */
	};
	rootObject = 3388A69F2E4F0EEA00DA5FE9 /* Project object */;
}
